schema: '2.0'
stages:
  data_ingestion:
    cmd: python src/data_ingestion.py
    deps:
    - path: src/data_ingestion.py
      hash: md5
      md5: ea4005292c088dde50001a48b8f7891d
      size: 3646
    params:
      params.yaml:
        data_ingestion.test_size: 0.25
    outs:
    - path: data/raw
      hash: md5
      md5: 04dd235295cb72c313e376c794dbd399.dir
      size: 484846
      nfiles: 2
  data_preprocessing:
    cmd: python src/data_preprocessing.py
    deps:
    - path: data/raw
      hash: md5
      md5: 04dd235295cb72c313e376c794dbd399.dir
      size: 484846
      nfiles: 2
    - path: src/data_preprocessing.py
      hash: md5
      md5: 6c7a480b87a55e721f872a0d9c901738
      size: 3995
    outs:
    - path: data/interim
      hash: md5
      md5: a93065f5a2727e5e7dd327b4604144d5.dir
      size: 261440
      nfiles: 2
  feature_engineering:
    cmd: python src/feature_engineering.py
    deps:
    - path: data/interim
      hash: md5
      md5: a93065f5a2727e5e7dd327b4604144d5.dir
      size: 261440
      nfiles: 2
    - path: src/feature_engineering.py
      hash: md5
      md5: 9000c4cbafcaca3464664391d46659d2
      size: 3909
    params:
      params.yaml:
        feature_engineering.max_features: 20
    outs:
    - path: data/processed
      hash: md5
      md5: 4c19d208956a85de6ea2caf40203a68a.dir
      size: 486008
      nfiles: 2
  model_training:
    cmd: python src/model_training.py
    deps:
    - path: data/processed
      hash: md5
      md5: 4c19d208956a85de6ea2caf40203a68a.dir
      size: 486008
      nfiles: 2
    - path: src/model_training.py
      hash: md5
      md5: a428f09bf9b3a32062c101016f29350a
      size: 4492
    params:
      params.yaml:
        model_training.n_estimators: 15
        model_training.random_state: 2
    outs:
    - path: models/model.pkl
      hash: md5
      md5: 562221b7b7c417ac84a4c6e87c6fe503
      size: 339950
  model_evaluation:
    cmd: python src/model_evaluation.py
    deps:
    - path: models/model.pkl
      hash: md5
      md5: 562221b7b7c417ac84a4c6e87c6fe503
      size: 339950
    - path: src/model_evaluation.py
      hash: md5
      md5: bf017b7f2a82647045b007449503467a
      size: 4693
    outs:
    - path: reports/metrics.json
      hash: md5
      md5: c1dedd8d169d1f04c1d1f56f0889deba
      size: 145
